version = 1
revision = 2
requires-python = "==3.11.11"

[[package]]
name = "argcomplete"
version = "3.6.2"
source = { registry = "https://pypi.org/simple" }
sdist = { url = "https://files.pythonhosted.org/packages/16/0f/861e168fc813c56a78b35f3c30d91c6757d1fd185af1110f1aec784b35d0/argcomplete-3.6.2.tar.gz", hash = "sha256:d0519b1bc867f5f4f4713c41ad0aba73a4a5f007449716b16f385f2166dc6adf", size = 73403, upload-time = "2025-04-03T04:57:03.52Z" }
wheels = [
    { url = "https://files.pythonhosted.org/packages/31/da/e42d7a9d8dd33fa775f467e4028a47936da2f01e4b0e561f9ba0d74cb0ca/argcomplete-3.6.2-py3-none-any.whl", hash = "sha256:65b3133a29ad53fb42c48cf5114752c7ab66c1c38544fdf6460f450c09b42591", size = 43708, upload-time = "2025-04-03T04:57:01.591Z" },
]

[[package]]
name = "attrs"
version = "25.3.0"
source = { registry = "https://pypi.org/simple" }
sdist = { url = "https://files.pythonhosted.org/packages/5a/b0/1367933a8532ee6ff8d63537de4f1177af4bff9f3e829baf7331f595bb24/attrs-25.3.0.tar.gz", hash = "sha256:75d7cefc7fb576747b2c81b4442d4d4a1ce0900973527c011d1030fd3bf4af1b", size = 812032, upload-time = "2025-03-13T11:10:22.779Z" }
wheels = [
    { url = "https://files.pythonhosted.org/packages/77/06/bb80f5f86020c4551da315d78b3ab75e8228f89f0162f2c3a819e407941a/attrs-25.3.0-py3-none-any.whl", hash = "sha256:427318ce031701fea540783410126f03899a97ffc6f61596ad581ac2e40e3bc3", size = 63815, upload-time = "2025-03-13T11:10:21.14Z" },
]

[[package]]
name = "colorama"
version = "0.4.6"
source = { registry = "https://pypi.org/simple" }
sdist = { url = "https://files.pythonhosted.org/packages/d8/53/6f443c9a4a8358a93a6792e2acffb9d9d5cb0a5cfd8802644b7b1c9a02e4/colorama-0.4.6.tar.gz", hash = "sha256:08695f5cb7ed6e0531a20572697297273c47b8cae5a63ffc6d6ed5c201be6e44", size = 27697, upload-time = "2022-10-25T02:36:22.414Z" }
wheels = [
    { url = "https://files.pythonhosted.org/packages/d1/d6/3965ed04c63042e047cb6a3e6ed1a63a35087b6a609aa3a15ed8ac56c221/colorama-0.4.6-py2.py3-none-any.whl", hash = "sha256:4f1d9991f5acc0ca119f9d443620b77f9d6b33703e51011c16baf57afb285fc6", size = 25335, upload-time = "2022-10-25T02:36:20.889Z" },
]

[[package]]
name = "colorlog"
version = "6.9.0"
source = { registry = "https://pypi.org/simple" }
dependencies = [
    { name = "colorama", marker = "sys_platform == 'win32'" },
]
sdist = { url = "https://files.pythonhosted.org/packages/d3/7a/359f4d5df2353f26172b3cc39ea32daa39af8de522205f512f458923e677/colorlog-6.9.0.tar.gz", hash = "sha256:bfba54a1b93b94f54e1f4fe48395725a3d92fd2a4af702f6bd70946bdc0c6ac2", size = 16624, upload-time = "2024-10-29T18:34:51.011Z" }
wheels = [
    { url = "https://files.pythonhosted.org/packages/e3/51/9b208e85196941db2f0654ad0357ca6388ab3ed67efdbfc799f35d1f83aa/colorlog-6.9.0-py3-none-any.whl", hash = "sha256:5906e71acd67cb07a71e779c47c4bcb45fb8c2993eebe9e5adcd6a6f1b283eff", size = 11424, upload-time = "2024-10-29T18:34:49.815Z" },
]

[[package]]
name = "dependency-groups"
version = "1.3.1"
source = { registry = "https://pypi.org/simple" }
dependencies = [
    { name = "packaging" },
]
sdist = { url = "https://files.pythonhosted.org/packages/62/55/f054de99871e7beb81935dea8a10b90cd5ce42122b1c3081d5282fdb3621/dependency_groups-1.3.1.tar.gz", hash = "sha256:78078301090517fd938c19f64a53ce98c32834dfe0dee6b88004a569a6adfefd", size = 10093, upload-time = "2025-05-02T00:34:29.452Z" }
wheels = [
    { url = "https://files.pythonhosted.org/packages/99/c7/d1ec24fb280caa5a79b6b950db565dab30210a66259d17d5bb2b3a9f878d/dependency_groups-1.3.1-py3-none-any.whl", hash = "sha256:51aeaa0dfad72430fcfb7bcdbefbd75f3792e5919563077f30bc0d73f4493030", size = 8664, upload-time = "2025-05-02T00:34:27.085Z" },
]

[[package]]
name = "distlib"
version = "0.4.0"
source = { registry = "https://pypi.org/simple" }
sdist = { url = "https://files.pythonhosted.org/packages/96/8e/709914eb2b5749865801041647dc7f4e6d00b549cfe88b65ca192995f07c/distlib-0.4.0.tar.gz", hash = "sha256:feec40075be03a04501a973d81f633735b4b69f98b05450592310c0f401a4e0d", size = 614605, upload-time = "2025-07-17T16:52:00.465Z" }
wheels = [
    { url = "https://files.pythonhosted.org/packages/33/6b/e0547afaf41bf2c42e52430072fa5658766e3d65bd4b03a563d1b6336f57/distlib-0.4.0-py2.py3-none-any.whl", hash = "sha256:9659f7d87e46584a30b5780e43ac7a2143098441670ff0a49d5f9034c54a6c16", size = 469047, upload-time = "2025-07-17T16:51:58.613Z" },
]

[[package]]
name = "filelock"
version = "3.18.0"
source = { registry = "https://pypi.org/simple" }
sdist = { url = "https://files.pythonhosted.org/packages/0a/10/c23352565a6544bdc5353e0b15fc1c563352101f30e24bf500207a54df9a/filelock-3.18.0.tar.gz", hash = "sha256:adbc88eabb99d2fec8c9c1b229b171f18afa655400173ddc653d5d01501fb9f2", size = 18075, upload-time = "2025-03-14T07:11:40.47Z" }
wheels = [
    { url = "https://files.pythonhosted.org/packages/4d/36/2a115987e2d8c300a974597416d9de88f2444426de9571f4b59b2cca3acc/filelock-3.18.0-py3-none-any.whl", hash = "sha256:c401f4f8377c4464e6db25fff06205fd89bdd83b65eb0488ed1b160f780e21de", size = 16215, upload-time = "2025-03-14T07:11:39.145Z" },
]

[[package]]
name = "nox"
version = "2025.5.1"
source = { registry = "https://pypi.org/simple" }
dependencies = [
    { name = "argcomplete" },
    { name = "attrs" },
    { name = "colorlog" },
    { name = "dependency-groups" },
    { name = "packaging" },
    { name = "virtualenv" },
]
sdist = { url = "https://files.pythonhosted.org/packages/b4/80/47712208c410defec169992e57c179f0f4d92f5dd17ba8daca50a8077e23/nox-2025.5.1.tar.gz", hash = "sha256:2a571dfa7a58acc726521ac3cd8184455ebcdcbf26401c7b737b5bc6701427b2", size = 4023334, upload-time = "2025-05-01T16:35:48.056Z" }
wheels = [
    { url = "https://files.pythonhosted.org/packages/a6/be/7b423b02b09eb856beffe76fe8c4121c99852db74dd12a422dcb72d1134e/nox-2025.5.1-py3-none-any.whl", hash = "sha256:56abd55cf37ff523c254fcec4d152ed51e5fe80e2ab8317221d8b828ac970a31", size = 71753, upload-time = "2025-05-01T16:35:46.037Z" },
]

[[package]]
name = "packaging"
version = "25.0"
source = { registry = "https://pypi.org/simple" }
sdist = { url = "https://files.pythonhosted.org/packages/a1/d4/1fc4078c65507b51b96ca8f8c3ba19e6a61c8253c72794544580a7b6c24d/packaging-25.0.tar.gz", hash = "sha256:d443872c98d677bf60f6a1f2f8c1cb748e8fe762d2bf9d3148b5599295b0fc4f", size = 165727, upload-time = "2025-04-19T11:48:59.673Z" }
wheels = [
    { url = "https://files.pythonhosted.org/packages/20/12/38679034af332785aac8774540895e234f4d07f7545804097de4b666afd8/packaging-25.0-py3-none-any.whl", hash = "sha256:29572ef2b1f17581046b3a2227d5c611fb25ec70ca1ba8554b24b0e69331a484", size = 66469, upload-time = "2025-04-19T11:48:57.875Z" },
]

[[package]]
name = "plasmapy-calculator"
version = "0.1.0"
source = { editable = "." }

[package.dev-dependencies]
dev = [
    { name = "nox" },
    { name = "uv" },
]

[package.metadata]

[package.metadata.requires-dev]
dev = [
    { name = "nox", specifier = ">=2025.5.1" },
    { name = "uv", specifier = ">=0.8.4" },
]

[[package]]
name = "platformdirs"
version = "4.3.8"
source = { registry = "https://pypi.org/simple" }
sdist = { url = "https://files.pythonhosted.org/packages/fe/8b/3c73abc9c759ecd3f1f7ceff6685840859e8070c4d947c93fae71f6a0bf2/platformdirs-4.3.8.tar.gz", hash = "sha256:3d512d96e16bcb959a814c9f348431070822a6496326a4be0911c40b5a74c2bc", size = 21362, upload-time = "2025-05-07T22:47:42.121Z" }
wheels = [
    { url = "https://files.pythonhosted.org/packages/fe/39/979e8e21520d4e47a0bbe349e2713c0aac6f3d853d0e5b34d76206c439aa/platformdirs-4.3.8-py3-none-any.whl", hash = "sha256:ff7059bb7eb1179e2685604f4aaf157cfd9535242bd23742eadc3c13542139b4", size = 18567, upload-time = "2025-05-07T22:47:40.376Z" },
]

[[package]]
name = "uv"
version = "0.8.4"
source = { registry = "https://pypi.org/simple" }
sdist = { url = "https://files.pythonhosted.org/packages/71/05/779581d8e5cd8d12dc3e2297280a03293f7b465bb5f53308479e508c5c44/uv-0.8.4.tar.gz", hash = "sha256:2ab21c32a28dbe434c9074f899ed8084955f7b09ac5e7ffac548d3454f77516f", size = 3442716, upload-time = "2025-07-30T17:10:56.404Z" }
wheels = [
    { url = "https://files.pythonhosted.org/packages/96/10/4d52b081defca3cfb4a11d6af3af4314fe7f289ba19e40d6cfab778f9257/uv-0.8.4-py3-none-linux_armv6l.whl", hash = "sha256:f9a5da616ca0d2bbe79367db9cf339cbaf1affee5d6b130a3be2779a917c14fa", size = 18077025, upload-time = "2025-07-30T17:10:13.016Z" },
    { url = "https://files.pythonhosted.org/packages/36/fa/7847373d214de987e96ef6b820a4ed2fa5e1c392ecc73cd53e94013d6074/uv-0.8.4-py3-none-macosx_10_12_x86_64.whl", hash = "sha256:4d8422b3058998d87fee46d4d1a437e202407cafca8b8ac69e01c6479fbe0271", size = 18143542, upload-time = "2025-07-30T17:10:18.006Z" },
    { url = "https://files.pythonhosted.org/packages/16/39/7d4b68132868c550ae97c3b2c348c55db47a987dff05ab0e5f577bf0e197/uv-0.8.4-py3-none-macosx_11_0_arm64.whl", hash = "sha256:edc813645348665a3b4716a7d5e961cf7c8d1d3bfb9d907a4f18cf87c712a430", size = 16860749, upload-time = "2025-07-30T17:10:20.417Z" },
    { url = "https://files.pythonhosted.org/packages/e3/8f/f703e4ba41aae195d4958b701c2ee6cdbbbb8cdccb082845d6abfe834cf9/uv-0.8.4-py3-none-manylinux_2_17_aarch64.manylinux2014_aarch64.musllinux_1_1_aarch64.whl", hash = "sha256:c2323e915ae562db4ebcdf5e20d3dd37a14959d07cc54939d86ab0dcdbf08f58", size = 17469507, upload-time = "2025-07-30T17:10:22.779Z" },
    { url = "https://files.pythonhosted.org/packages/59/f8/9366ceeb63f9dd6aa11375047762c1033d36521722e748b65a24e435f459/uv-0.8.4-py3-none-manylinux_2_17_armv7l.manylinux2014_armv7l.whl", hash = "sha256:96d7a68c360383d638c283811d57558fbf7b5f769ff4bdbc99ee2a3bf9a6e574", size = 17766700, upload-time = "2025-07-30T17:10:24.903Z" },
    { url = "https://files.pythonhosted.org/packages/f2/e3/190eb0ca91b8a0e5f80f93aeb7924b12be89656066170d6e1244e90c5e80/uv-0.8.4-py3-none-manylinux_2_17_i686.manylinux2014_i686.whl", hash = "sha256:385dec5a0c0909d5a24af5b02db24b49b025cbed59c6225e4c794ff40069d9aa", size = 18432996, upload-time = "2025-07-30T17:10:27.239Z" },
    { url = "https://files.pythonhosted.org/packages/ab/f6/b5fc5fe6e93e0294cbd8ba228d10b12e46a5e27b143565e868da758e0209/uv-0.8.4-py3-none-manylinux_2_17_ppc64.manylinux2014_ppc64.whl", hash = "sha256:b2230310ca303328c9fd351044fb81349f3ccfaa2863f135d37bfcee707adfd1", size = 19842168, upload-time = "2025-07-30T17:10:29.958Z" },
    { url = "https://files.pythonhosted.org/packages/f5/f0/d01779df4ac2ae39bf440c97f53346f1b9eef17cc84a45ed66206e348650/uv-0.8.4-py3-none-manylinux_2_17_ppc64le.manylinux2014_ppc64le.whl", hash = "sha256:86d64c66993eb0d9821caea27920175a27cd24df1eba8a340d8b3ae4074fac77", size = 19497445, upload-time = "2025-07-30T17:10:32.064Z" },
    { url = "https://files.pythonhosted.org/packages/80/ca/48c78393cb3a73940e768b74f74c30ca7719de6f83457a125b9cfa0c37e0/uv-0.8.4-py3-none-manylinux_2_17_s390x.manylinux2014_s390x.whl", hash = "sha256:624cf5b7bdc5cc0253115fefaad40008205d4acf34b77b294479dfe4eacb9697", size = 18852025, upload-time = "2025-07-30T17:10:34.34Z" },
    { url = "https://files.pythonhosted.org/packages/42/e2/5cf11c85fb48276b49979ea06e92c1e95524e1e4c5bccbd591a334c8de68/uv-0.8.4-py3-none-manylinux_2_17_x86_64.manylinux2014_x86_64.whl", hash = "sha256:f9cd287982f62419f98ca7182fbbc2fd0fad1a04008b956a88eb85ce1d522611", size = 18806944, upload-time = "2025-07-30T17:10:36.819Z" },
    { url = "https://files.pythonhosted.org/packages/1c/b1/773dcd5ef4947a5bd7c183f1cc8afb9e761488ff1b48b46cb0d95bc5c8cf/uv-0.8.4-py3-none-manylinux_2_28_aarch64.whl", hash = "sha256:e6fa3754a2b965dceecfce8c38cacf7cd6b76a2787b9e189cf33acdb64a7472a", size = 17706599, upload-time = "2025-07-30T17:10:38.976Z" },
    { url = "https://files.pythonhosted.org/packages/e6/8f/20dcb6aaa9c9d7e16320b5143b1fdaa5fd1ebc42a99e2d5f4283aafc59f1/uv-0.8.4-py3-none-manylinux_2_31_riscv64.whl", hash = "sha256:9f2a7042553e85c66884a6a3c1b88e116bc5fe5e5d1c9b62f025b1de41534734", size = 18564686, upload-time = "2025-07-30T17:10:41.163Z" },
    { url = "https://files.pythonhosted.org/packages/8a/19/9f9df99259d6725fc269d5394606919f32c3e0d21f486277c040cb7c5dad/uv-0.8.4-py3-none-musllinux_1_1_armv7l.whl", hash = "sha256:2c80470d7253bd26c5990f4914cfddc68a6bb4da7c7da316a29e99feafe272a1", size = 17722213, upload-time = "2025-07-30T17:10:43.354Z" },
    { url = "https://files.pythonhosted.org/packages/00/f4/358576eea98eb4ba58135690a60f8052dbd8b50173a5c0e93e59c8797c2c/uv-0.8.4-py3-none-musllinux_1_1_i686.whl", hash = "sha256:b90eb86019ff92922dea54b8772074909ce7ab3359b2e8f8f3fe4d0658d3a898", size = 17997363, upload-time = "2025-07-30T17:10:45.631Z" },
    { url = "https://files.pythonhosted.org/packages/51/0f/9e5ff7d73846d8c924a5ef262dee247b453b7b2bd2ba5db1a819c72bd176/uv-0.8.4-py3-none-musllinux_1_1_x86_64.whl", hash = "sha256:cad63a02a735ba591679d713376767fc7649ad1e7097a95d0d267a68c2e803fc", size = 18954586, upload-time = "2025-07-30T17:10:47.789Z" },
    { url = "https://files.pythonhosted.org/packages/3c/fa/58c416c634253bdd7ec50baa5d79010f887453425a62e6a23f9668a75305/uv-0.8.4-py3-none-win32.whl", hash = "sha256:b83cd9eeb4c63ab69c6e8d0e26e57b5a9a8b1dca4015f4ddf088ed4a234e7018", size = 17907610, upload-time = "2025-07-30T17:10:49.966Z" },
    { url = "https://files.pythonhosted.org/packages/76/8e/2d6f5bce0f41074122caed1672f90f7ed5df2bd9827c8723c73a657bea7b/uv-0.8.4-py3-none-win_amd64.whl", hash = "sha256:ad056c8f6568d9f495e402753e79a092f28d513e6b5146d1c8dc2bdea668adb1", size = 19704945, upload-time = "2025-07-30T17:10:52.145Z" },
    { url = "https://files.pythonhosted.org/packages/58/de/196e862af4c3b2ff8cb4a7a3ad38ecf0306fa87d03ec9275f16e2f5dc416/uv-0.8.4-py3-none-win_arm64.whl", hash = "sha256:41f3a22550811bf7a0980b3d4dfce09e2c93aec7c42c92313ae3d3d0b97e1054", size = 18316402, upload-time = "2025-07-30T17:10:54.507Z" },
]

[[package]]
name = "virtualenv"
version = "20.32.0"
source = { registry = "https://pypi.org/simple" }
dependencies = [
    { name = "distlib" },
    { name = "filelock" },
    { name = "platformdirs" },
]
sdist = { url = "https://files.pythonhosted.org/packages/a9/96/0834f30fa08dca3738614e6a9d42752b6420ee94e58971d702118f7cfd30/virtualenv-20.32.0.tar.gz", hash = "sha256:886bf75cadfdc964674e6e33eb74d787dff31ca314ceace03ca5810620f4ecf0", size = 6076970, upload-time = "2025-07-21T04:09:50.985Z" }
wheels = [
    { url = "https://files.pythonhosted.org/packages/5c/c6/f8f28009920a736d0df434b52e9feebfb4d702ba942f15338cb4a83eafc1/virtualenv-20.32.0-py3-none-any.whl", hash = "sha256:2c310aecb62e5aa1b06103ed7c2977b81e042695de2697d01017ff0f1034af56", size = 6057761, upload-time = "2025-07-21T04:09:48.059Z" },
]
